// !$*UTF8*$!
{
	archiveVersion = 1;
	classes = {
	};
	objectVersion = 56;
	objects = {

/* Begin PBXBuildFile section */
		3371C83D2A623AAE004670C8 /* FructusApp.swift in Sources */ = {isa = PBXBuildFile; fileRef = 3371C83C2A623AAE004670C8 /* FructusApp.swift */; };
		3371C83F2A623AAE004670C8 /* ContentView.swift in Sources */ = {isa = PBXBuildFile; fileRef = 3371C83E2A623AAE004670C8 /* ContentView.swift */; };
		3371C8412A623AAE004670C8 /* Assets.xcassets in Resources */ = {isa = PBXBuildFile; fileRef = 3371C8402A623AAE004670C8 /* Assets.xcassets */; };
		3371C8442A623AAE004670C8 /* Preview Assets.xcassets in Resources */ = {isa = PBXBuildFile; fileRef = 3371C8432A623AAE004670C8 /* Preview Assets.xcassets */; };
		3371C84E2A623AAE004670C8 /* FructusTests.swift in Sources */ = {isa = PBXBuildFile; fileRef = 3371C84D2A623AAE004670C8 /* FructusTests.swift */; };
		3371C8582A623AAE004670C8 /* FructusUITests.swift in Sources */ = {isa = PBXBuildFile; fileRef = 3371C8572A623AAE004670C8 /* FructusUITests.swift */; };
		3371C85A2A623AAE004670C8 /* FructusUITestsLaunchTests.swift in Sources */ = {isa = PBXBuildFile; fileRef = 3371C8592A623AAE004670C8 /* FructusUITestsLaunchTests.swift */; };
		3371C8692A623E5C004670C8 /* FruitCardView.swift in Sources */ = {isa = PBXBuildFile; fileRef = 3371C8682A623E5C004670C8 /* FruitCardView.swift */; };
		3371C86B2A624298004670C8 /* StartButtonView.swift in Sources */ = {isa = PBXBuildFile; fileRef = 3371C86A2A624298004670C8 /* StartButtonView.swift */; };
		3371C86D2A624610004670C8 /* OnboardingView.swift in Sources */ = {isa = PBXBuildFile; fileRef = 3371C86C2A624610004670C8 /* OnboardingView.swift */; };
/* End PBXBuildFile section */

/* Begin PBXContainerItemProxy section */
		3371C84A2A623AAE004670C8 /* PBXContainerItemProxy */ = {
			isa = PBXContainerItemProxy;
			containerPortal = 3371C8312A623AAD004670C8 /* Project object */;
			proxyType = 1;
			remoteGlobalIDString = 3371C8382A623AAD004670C8;
			remoteInfo = Fructus;
		};
		3371C8542A623AAE004670C8 /* PBXContainerItemProxy */ = {
			isa = PBXContainerItemProxy;
			containerPortal = 3371C8312A623AAD004670C8 /* Project object */;
			proxyType = 1;
			remoteGlobalIDString = 3371C8382A623AAD004670C8;
			remoteInfo = Fructus;
		};
/* End PBXContainerItemProxy section */

/* Begin PBXFileReference section */
		3371C8392A623AAE004670C8 /* Fructus.app */ = {isa = PBXFileReference; explicitFileType = wrapper.application; includeInIndex = 0; path = Fructus.app; sourceTree = BUILT_PRODUCTS_DIR; };
		3371C83C2A623AAE004670C8 /* FructusApp.swift */ = {isa = PBXFileReference; lastKnownFileType = sourcecode.swift; path = FructusApp.swift; sourceTree = "<group>"; };
		3371C83E2A623AAE004670C8 /* ContentView.swift */ = {isa = PBXFileReference; lastKnownFileType = sourcecode.swift; path = ContentView.swift; sourceTree = "<group>"; };
		3371C8402A623AAE004670C8 /* Assets.xcassets */ = {isa = PBXFileReference; lastKnownFileType = folder.assetcatalog; path = Assets.xcassets; sourceTree = "<group>"; };
		3371C8432A623AAE004670C8 /* Preview Assets.xcassets */ = {isa = PBXFileReference; lastKnownFileType = folder.assetcatalog; path = "Preview Assets.xcassets"; sourceTree = "<group>"; };
		3371C8492A623AAE004670C8 /* FructusTests.xctest */ = {isa = PBXFileReference; explicitFileType = wrapper.cfbundle; includeInIndex = 0; path = FructusTests.xctest; sourceTree = BUILT_PRODUCTS_DIR; };
		3371C84D2A623AAE004670C8 /* FructusTests.swift */ = {isa = PBXFileReference; lastKnownFileType = sourcecode.swift; path = FructusTests.swift; sourceTree = "<group>"; };
		3371C8532A623AAE004670C8 /* FructusUITests.xctest */ = {isa = PBXFileReference; explicitFileType = wrapper.cfbundle; includeInIndex = 0; path = FructusUITests.xctest; sourceTree = BUILT_PRODUCTS_DIR; };
		3371C8572A623AAE004670C8 /* FructusUITests.swift */ = {isa = PBXFileReference; lastKnownFileType = sourcecode.swift; path = FructusUITests.swift; sourceTree = "<group>"; };
		3371C8592A623AAE004670C8 /* FructusUITestsLaunchTests.swift */ = {isa = PBXFileReference; lastKnownFileType = sourcecode.swift; path = FructusUITestsLaunchTests.swift; sourceTree = "<group>"; };
		3371C8682A623E5C004670C8 /* FruitCardView.swift */ = {isa = PBXFileReference; lastKnownFileType = sourcecode.swift; path = FruitCardView.swift; sourceTree = "<group>"; };
		3371C86A2A624298004670C8 /* StartButtonView.swift */ = {isa = PBXFileReference; lastKnownFileType = sourcecode.swift; path = StartButtonView.swift; sourceTree = "<group>"; };
		3371C86C2A624610004670C8 /* OnboardingView.swift */ = {isa = PBXFileReference; lastKnownFileType = sourcecode.swift; path = OnboardingView.swift; sourceTree = "<group>"; };
/* End PBXFileReference section */

/* Begin PBXFrameworksBuildPhase section */
		3371C8362A623AAD004670C8 /* Frameworks */ = {
			isa = PBXFrameworksBuildPhase;
			buildActionMask = 2147483647;
			files = (
			);
			runOnlyForDeploymentPostprocessing = 0;
		};
		3371C8462A623AAE004670C8 /* Frameworks */ = {
			isa = PBXFrameworksBuildPhase;
			buildActionMask = 2147483647;
			files = (
			);
			runOnlyForDeploymentPostprocessing = 0;
		};
		3371C8502A623AAE004670C8 /* Frameworks */ = {
			isa = PBXFrameworksBuildPhase;
			buildActionMask = 2147483647;
			files = (
			);
			runOnlyForDeploymentPostprocessing = 0;
		};
/* End PBXFrameworksBuildPhase section */

/* Begin PBXGroup section */
		3371C8302A623AAD004670C8 = {
			isa = PBXGroup;
			children = (
				3371C83B2A623AAE004670C8 /* Fructus */,
				3371C84C2A623AAE004670C8 /* FructusTests */,
				3371C8562A623AAE004670C8 /* FructusUITests */,
				3371C83A2A623AAE004670C8 /* Products */,
			);
			sourceTree = "<group>";
		};
		3371C83A2A623AAE004670C8 /* Products */ = {
			isa = PBXGroup;
			children = (
				3371C8392A623AAE004670C8 /* Fructus.app */,
				3371C8492A623AAE004670C8 /* FructusTests.xctest */,
				3371C8532A623AAE004670C8 /* FructusUITests.xctest */,
			);
			name = Products;
			sourceTree = "<group>";
		};
		3371C83B2A623AAE004670C8 /* Fructus */ = {
			isa = PBXGroup;
			children = (
				3371C8672A623E2F004670C8 /* View */,
				3371C8662A623E16004670C8 /* App */,
				3371C8402A623AAE004670C8 /* Assets.xcassets */,
				3371C8422A623AAE004670C8 /* Preview Content */,
			);
			path = Fructus;
			sourceTree = "<group>";
		};
		3371C8422A623AAE004670C8 /* Preview Content */ = {
			isa = PBXGroup;
			children = (
				3371C8432A623AAE004670C8 /* Preview Assets.xcassets */,
			);
			path = "Preview Content";
			sourceTree = "<group>";
		};
		3371C84C2A623AAE004670C8 /* FructusTests */ = {
			isa = PBXGroup;
			children = (
				3371C84D2A623AAE004670C8 /* FructusTests.swift */,
			);
			path = FructusTests;
			sourceTree = "<group>";
		};
		3371C8562A623AAE004670C8 /* FructusUITests */ = {
			isa = PBXGroup;
			children = (
				3371C8572A623AAE004670C8 /* FructusUITests.swift */,
				3371C8592A623AAE004670C8 /* FructusUITestsLaunchTests.swift */,
			);
			path = FructusUITests;
			sourceTree = "<group>";
		};
		3371C8662A623E16004670C8 /* App */ = {
			isa = PBXGroup;
			children = (
				3371C83C2A623AAE004670C8 /* FructusApp.swift */,
				3371C83E2A623AAE004670C8 /* ContentView.swift */,
				3371C86C2A624610004670C8 /* OnboardingView.swift */,
			);
			path = App;
			sourceTree = "<group>";
		};
		3371C8672A623E2F004670C8 /* View */ = {
			isa = PBXGroup;
			children = (
				3371C8682A623E5C004670C8 /* FruitCardView.swift */,
				3371C86A2A624298004670C8 /* StartButtonView.swift */,
			);
			path = View;
			sourceTree = "<group>";
		};
/* End PBXGroup section */

/* Begin PBXNativeTarget section */
		3371C8382A623AAD004670C8 /* Fructus */ = {
			isa = PBXNativeTarget;
			buildConfigurationList = 3371C85D2A623AAE004670C8 /* Build configuration list for PBXNativeTarget "Fructus" */;
			buildPhases = (
				3371C8352A623AAD004670C8 /* Sources */,
				3371C8362A623AAD004670C8 /* Frameworks */,
				3371C8372A623AAD004670C8 /* Resources */,
			);
			buildRules = (
			);
			dependencies = (
			);
			name = Fructus;
			productName = Fructus;
			productReference = 3371C8392A623AAE004670C8 /* Fructus.app */;
			productType = "com.apple.product-type.application";
		};
		3371C8482A623AAE004670C8 /* FructusTests */ = {
			isa = PBXNativeTarget;
			buildConfigurationList = 3371C8602A623AAE004670C8 /* Build configuration list for PBXNativeTarget "FructusTests" */;
			buildPhases = (
				3371C8452A623AAE004670C8 /* Sources */,
				3371C8462A623AAE004670C8 /* Frameworks */,
				3371C8472A623AAE004670C8 /* Resources */,
			);
			buildRules = (
			);
			dependencies = (
				3371C84B2A623AAE004670C8 /* PBXTargetDependency */,
			);
			name = FructusTests;
			productName = FructusTests;
			productReference = 3371C8492A623AAE004670C8 /* FructusTests.xctest */;
			productType = "com.apple.product-type.bundle.unit-test";
		};
		3371C8522A623AAE004670C8 /* FructusUITests */ = {
			isa = PBXNativeTarget;
			buildConfigurationList = 3371C8632A623AAE004670C8 /* Build configuration list for PBXNativeTarget "FructusUITests" */;
			buildPhases = (
				3371C84F2A623AAE004670C8 /* Sources */,
				3371C8502A623AAE004670C8 /* Frameworks */,
				3371C8512A623AAE004670C8 /* Resources */,
			);
			buildRules = (
			);
			dependencies = (
				3371C8552A623AAE004670C8 /* PBXTargetDependency */,
			);
			name = FructusUITests;
			productName = FructusUITests;
			productReference = 3371C8532A623AAE004670C8 /* FructusUITests.xctest */;
			productType = "com.apple.product-type.bundle.ui-testing";
		};
/* End PBXNativeTarget section */

/* Begin PBXProject section */
		3371C8312A623AAD004670C8 /* Project object */ = {
			isa = PBXProject;
			attributes = {
				BuildIndependentTargetsInParallel = 1;
				LastSwiftUpdateCheck = 1420;
				LastUpgradeCheck = 1420;
				TargetAttributes = {
					3371C8382A623AAD004670C8 = {
						CreatedOnToolsVersion = 14.2;
					};
					3371C8482A623AAE004670C8 = {
						CreatedOnToolsVersion = 14.2;
						TestTargetID = 3371C8382A623AAD004670C8;
					};
					3371C8522A623AAE004670C8 = {
						CreatedOnToolsVersion = 14.2;
						TestTargetID = 3371C8382A623AAD004670C8;
					};
				};
			};
			buildConfigurationList = 3371C8342A623AAD004670C8 /* Build configuration list for PBXProject "Fructus" */;
			compatibilityVersion = "Xcode 14.0";
			developmentRegion = en;
			hasScannedForEncodings = 0;
			knownRegions = (
				en,
				Base,
			);
			mainGroup = 3371C8302A623AAD004670C8;
			productRefGroup = 3371C83A2A623AAE004670C8 /* Products */;
			projectDirPath = "";
			projectRoot = "";
			targets = (
				3371C8382A623AAD004670C8 /* Fructus */,
				3371C8482A623AAE004670C8 /* FructusTests */,
				3371C8522A623AAE004670C8 /* FructusUITests */,
			);
		};
/* End PBXProject section */

/* Begin PBXResourcesBuildPhase section */
		3371C8372A623AAD004670C8 /* Resources */ = {
			isa = PBXResourcesBuildPhase;
			buildActionMask = 2147483647;
			files = (
				3371C8442A623AAE004670C8 /* Preview Assets.xcassets in Resources */,
				3371C8412A623AAE004670C8 /* Assets.xcassets in Resources */,
			);
			runOnlyForDeploymentPostprocessing = 0;
		};
		3371C8472A623AAE004670C8 /* Resources */ = {
			isa = PBXResourcesBuildPhase;
			buildActionMask = 2147483647;
			files = (
			);
			runOnlyForDeploymentPostprocessing = 0;
		};
		3371C8512A623AAE004670C8 /* Resources */ = {
			isa = PBXResourcesBuildPhase;
			buildActionMask = 2147483647;
			files = (
			);
			runOnlyForDeploymentPostprocessing = 0;
		};
/* End PBXResourcesBuildPhase section */

/* Begin PBXSourcesBuildPhase section */
		3371C8352A623AAD004670C8 /* Sources */ = {
			isa = PBXSourcesBuildPhase;
			buildActionMask = 2147483647;
			files = (
				3371C8692A623E5C004670C8 /* FruitCardView.swift in Sources */,
				3371C86B2A624298004670C8 /* StartButtonView.swift in Sources */,
				3371C83F2A623AAE004670C8 /* ContentView.swift in Sources */,
				3371C86D2A624610004670C8 /* OnboardingView.swift in Sources */,
				3371C83D2A623AAE004670C8 /* FructusApp.swift in Sources */,
			);
			runOnlyForDeploymentPostprocessing = 0;
		};
		3371C8452A623AAE004670C8 /* Sources */ = {
			isa = PBXSourcesBuildPhase;
			buildActionMask = 2147483647;
			files = (
				3371C84E2A623AAE004670C8 /* FructusTests.swift in Sources */,
			);
			runOnlyForDeploymentPostprocessing = 0;
		};
		3371C84F2A623AAE004670C8 /* Sources */ = {
			isa = PBXSourcesBuildPhase;
			buildActionMask = 2147483647;
			files = (
				3371C8582A623AAE004670C8 /* FructusUITests.swift in Sources */,
				3371C85A2A623AAE004670C8 /* FructusUITestsLaunchTests.swift in Sources */,
			);
			runOnlyForDeploymentPostprocessing = 0;
		};
/* End PBXSourcesBuildPhase section */

/* Begin PBXTargetDependency section */
		3371C84B2A623AAE004670C8 /* PBXTargetDependency */ = {
			isa = PBXTargetDependency;
			target = 3371C8382A623AAD004670C8 /* Fructus */;
			targetProxy = 3371C84A2A623AAE004670C8 /* PBXContainerItemProxy */;
		};
		3371C8552A623AAE004670C8 /* PBXTargetDependency */ = {
			isa = PBXTargetDependency;
			target = 3371C8382A623AAD004670C8 /* Fructus */;
			targetProxy = 3371C8542A623AAE004670C8 /* PBXContainerItemProxy */;
		};
/* End PBXTargetDependency section */

/* Begin XCBuildConfiguration section */
		3371C85B2A623AAE004670C8 /* Debug */ = {
			isa = XCBuildConfiguration;
			buildSettings = {
				ALWAYS_SEARCH_USER_PATHS = NO;
				CLANG_ANALYZER_NONNULL = YES;
				CLANG_ANALYZER_NUMBER_OBJECT_CONVERSION = YES_AGGRESSIVE;
				CLANG_CXX_LANGUAGE_STANDARD = "gnu++20";
				CLANG_ENABLE_MODULES = YES;
				CLANG_ENABLE_OBJC_ARC = YES;
				CLANG_ENABLE_OBJC_WEAK = YES;
				CLANG_WARN_BLOCK_CAPTURE_AUTORELEASING = YES;
				CLANG_WARN_BOOL_CONVERSION = YES;
				CLANG_WARN_COMMA = YES;
				CLANG_WARN_CONSTANT_CONVERSION = YES;
				CLANG_WARN_DEPRECATED_OBJC_IMPLEMENTATIONS = YES;
				CLANG_WARN_DIRECT_OBJC_ISA_USAGE = YES_ERROR;
				CLANG_WARN_DOCUMENTATION_COMMENTS = YES;
				CLANG_WARN_EMPTY_BODY = YES;
				CLANG_WARN_ENUM_CONVERSION = YES;
				CLANG_WARN_INFINITE_RECURSION = YES;
				CLANG_WARN_INT_CONVERSION = YES;
				CLANG_WARN_NON_LITERAL_NULL_CONVERSION = YES;
				CLANG_WARN_OBJC_IMPLICIT_RETAIN_SELF = YES;
				CLANG_WARN_OBJC_LITERAL_CONVERSION = YES;
				CLANG_WARN_OBJC_ROOT_CLASS = YES_ERROR;
				CLANG_WARN_QUOTED_INCLUDE_IN_FRAMEWORK_HEADER = YES;
				CLANG_WARN_RANGE_LOOP_ANALYSIS = YES;
				CLANG_WARN_STRICT_PROTOTYPES = YES;
				CLANG_WARN_SUSPICIOUS_MOVE = YES;
				CLANG_WARN_UNGUARDED_AVAILABILITY = YES_AGGRESSIVE;
				CLANG_WARN_UNREACHABLE_CODE = YES;
				CLANG_WARN__DUPLICATE_METHOD_MATCH = YES;
				COPY_PHASE_STRIP = NO;
				DEBUG_INFORMATION_FORMAT = dwarf;
				ENABLE_STRICT_OBJC_MSGSEND = YES;
				ENABLE_TESTABILITY = YES;
				GCC_C_LANGUAGE_STANDARD = gnu11;
				GCC_DYNAMIC_NO_PIC = NO;
				GCC_NO_COMMON_BLOCKS = YES;
				GCC_OPTIMIZATION_LEVEL = 0;
				GCC_PREPROCESSOR_DEFINITIONS = (
					"DEBUG=1",
					"$(inherited)",
				);
				GCC_WARN_64_TO_32_BIT_CONVERSION = YES;
				GCC_WARN_ABOUT_RETURN_TYPE = YES_ERROR;
				GCC_WARN_UNDECLARED_SELECTOR = YES;
				GCC_WARN_UNINITIALIZED_AUTOS = YES_AGGRESSIVE;
				GCC_WARN_UNUSED_FUNCTION = YES;
				GCC_WARN_UNUSED_VARIABLE = YES;
				IPHONEOS_DEPLOYMENT_TARGET = 16.2;
				MTL_ENABLE_DEBUG_INFO = INCLUDE_SOURCE;
				MTL_FAST_MATH = YES;
				ONLY_ACTIVE_ARCH = YES;
				SDKROOT = iphoneos;
				SWIFT_ACTIVE_COMPILATION_CONDITIONS = DEBUG;
				SWIFT_OPTIMIZATION_LEVEL = "-Onone";
			};
			name = Debug;
		};
		3371C85C2A623AAE004670C8 /* Release */ = {
			isa = XCBuildConfiguration;
			buildSettings = {
				ALWAYS_SEARCH_USER_PATHS = NO;
				CLANG_ANALYZER_NONNULL = YES;
				CLANG_ANALYZER_NUMBER_OBJECT_CONVERSION = YES_AGGRESSIVE;
				CLANG_CXX_LANGUAGE_STANDARD = "gnu++20";
				CLANG_ENABLE_MODULES = YES;
				CLANG_ENABLE_OBJC_ARC = YES;
				CLANG_ENABLE_OBJC_WEAK = YES;
				CLANG_WARN_BLOCK_CAPTURE_AUTORELEASING = YES;
				CLANG_WARN_BOOL_CONVERSION = YES;
				CLANG_WARN_COMMA = YES;
				CLANG_WARN_CONSTANT_CONVERSION = YES;
				CLANG_WARN_DEPRECATED_OBJC_IMPLEMENTATIONS = YES;
				CLANG_WARN_DIRECT_OBJC_ISA_USAGE = YES_ERROR;
				CLANG_WARN_DOCUMENTATION_COMMENTS = YES;
				CLANG_WARN_EMPTY_BODY = YES;
				CLANG_WARN_ENUM_CONVERSION = YES;
				CLANG_WARN_INFINITE_RECURSION = YES;
				CLANG_WARN_INT_CONVERSION = YES;
				CLANG_WARN_NON_LITERAL_NULL_CONVERSION = YES;
				CLANG_WARN_OBJC_IMPLICIT_RETAIN_SELF = YES;
				CLANG_WARN_OBJC_LITERAL_CONVERSION = YES;
				CLANG_WARN_OBJC_ROOT_CLASS = YES_ERROR;
				CLANG_WARN_QUOTED_INCLUDE_IN_FRAMEWORK_HEADER = YES;
				CLANG_WARN_RANGE_LOOP_ANALYSIS = YES;
				CLANG_WARN_STRICT_PROTOTYPES = YES;
				CLANG_WARN_SUSPICIOUS_MOVE = YES;
				CLANG_WARN_UNGUARDED_AVAILABILITY = YES_AGGRESSIVE;
				CLANG_WARN_UNREACHABLE_CODE = YES;
				CLANG_WARN__DUPLICATE_METHOD_MATCH = YES;
				COPY_PHASE_STRIP = NO;
				DEBUG_INFORMATION_FORMAT = "dwarf-with-dsym";
				ENABLE_NS_ASSERTIONS = NO;
				ENABLE_STRICT_OBJC_MSGSEND = YES;
				GCC_C_LANGUAGE_STANDARD = gnu11;
				GCC_NO_COMMON_BLOCKS = YES;
				GCC_WARN_64_TO_32_BIT_CONVERSION = YES;
				GCC_WARN_ABOUT_RETURN_TYPE = YES_ERROR;
				GCC_WARN_UNDECLARED_SELECTOR = YES;
				GCC_WARN_UNINITIALIZED_AUTOS = YES_AGGRESSIVE;
				GCC_WARN_UNUSED_FUNCTION = YES;
				GCC_WARN_UNUSED_VARIABLE = YES;
				IPHONEOS_DEPLOYMENT_TARGET = 16.2;
				MTL_ENABLE_DEBUG_INFO = NO;
				MTL_FAST_MATH = YES;
				SDKROOT = iphoneos;
				SWIFT_COMPILATION_MODE = wholemodule;
				SWIFT_OPTIMIZATION_LEVEL = "-O";
				VALIDATE_PRODUCT = YES;
			};
			name = Release;
		};
		3371C85E2A623AAE004670C8 /* Debug */ = {
			isa = XCBuildConfiguration;
			buildSettings = {
				ASSETCATALOG_COMPILER_APPICON_NAME = AppIcon;
				ASSETCATALOG_COMPILER_GLOBAL_ACCENT_COLOR_NAME = AccentColor;
				CODE_SIGN_STYLE = Automatic;
				CURRENT_PROJECT_VERSION = 1;
				DEVELOPMENT_ASSET_PATHS = "\"Fructus/Preview Content\"";
				ENABLE_PREVIEWS = YES;
				GENERATE_INFOPLIST_FILE = YES;
				INFOPLIST_KEY_UIApplicationSceneManifest_Generation = YES;
				INFOPLIST_KEY_UIApplicationSupportsIndirectInputEvents = YES;
				INFOPLIST_KEY_UILaunchScreen_Generation = YES;
				INFOPLIST_KEY_UISupportedInterfaceOrientations_iPad = "UIInterfaceOrientationPortrait UIInterfaceOrientationPortraitUpsideDown UIInterfaceOrientationLandscapeLeft UIInterfaceOrientationLandscapeRight";
				INFOPLIST_KEY_UISupportedInterfaceOrientations_iPhone = "UIInterfaceOrientationPortrait UIInterfaceOrientationLandscapeLeft UIInterfaceOrientationLandscapeRight";
				LD_RUNPATH_SEARCH_PATHS = (
					"$(inherited)",
					"@executable_path/Frameworks",
				);
				MARKETING_VERSION = 1.0;
				PRODUCT_BUNDLE_IDENTIFIER = morais.Fructus;
				PRODUCT_NAME = "$(TARGET_NAME)";
				SWIFT_EMIT_LOC_STRINGS = YES;
				SWIFT_VERSION = 5.0;
				TARGETED_DEVICE_FAMILY = "1,2";
			};
			name = Debug;
		};
		3371C85F2A623AAE004670C8 /* Release */ = {
			isa = XCBuildConfiguration;
			buildSettings = {
				ASSETCATALOG_COMPILER_APPICON_NAME = AppIcon;
				ASSETCATALOG_COMPILER_GLOBAL_ACCENT_COLOR_NAME = AccentColor;
				CODE_SIGN_STYLE = Automatic;
				CURRENT_PROJECT_VERSION = 1;
				DEVELOPMENT_ASSET_PATHS = "\"Fructus/Preview Content\"";
				ENABLE_PREVIEWS = YES;
				GENERATE_INFOPLIST_FILE = YES;
				INFOPLIST_KEY_UIApplicationSceneManifest_Generation = YES;
				INFOPLIST_KEY_UIApplicationSupportsIndirectInputEvents = YES;
				INFOPLIST_KEY_UILaunchScreen_Generation = YES;
				INFOPLIST_KEY_UISupportedInterfaceOrientations_iPad = "UIInterfaceOrientationPortrait UIInterfaceOrientationPortraitUpsideDown UIInterfaceOrientationLandscapeLeft UIInterfaceOrientationLandscapeRight";
				INFOPLIST_KEY_UISupportedInterfaceOrientations_iPhone = "UIInterfaceOrientationPortrait UIInterfaceOrientationLandscapeLeft UIInterfaceOrientationLandscapeRight";
				LD_RUNPATH_SEARCH_PATHS = (
					"$(inherited)",
					"@executable_path/Frameworks",
				);
				MARKETING_VERSION = 1.0;
				PRODUCT_BUNDLE_IDENTIFIER = morais.Fructus;
				PRODUCT_NAME = "$(TARGET_NAME)";
				SWIFT_EMIT_LOC_STRINGS = YES;
				SWIFT_VERSION = 5.0;
				TARGETED_DEVICE_FAMILY = "1,2";
			};
			name = Release;
		};
		3371C8612A623AAE004670C8 /* Debug */ = {
			isa = XCBuildConfiguration;
			buildSettings = {
				ALWAYS_EMBED_SWIFT_STANDARD_LIBRARIES = YES;
				BUNDLE_LOADER = "$(TEST_HOST)";
				CODE_SIGN_STYLE = Automatic;
				CURRENT_PROJECT_VERSION = 1;
				GENERATE_INFOPLIST_FILE = YES;
				IPHONEOS_DEPLOYMENT_TARGET = 16.2;
				MARKETING_VERSION = 1.0;
				PRODUCT_BUNDLE_IDENTIFIER = morais.FructusTests;
				PRODUCT_NAME = "$(TARGET_NAME)";
				SWIFT_EMIT_LOC_STRINGS = NO;
				SWIFT_VERSION = 5.0;
				TARGETED_DEVICE_FAMILY = "1,2";
				TEST_HOST = "$(BUILT_PRODUCTS_DIR)/Fructus.app/$(BUNDLE_EXECUTABLE_FOLDER_PATH)/Fructus";
			};
			name = Debug;
		};
		3371C8622A623AAE004670C8 /* Release */ = {
			isa = XCBuildConfiguration;
			buildSettings = {
				ALWAYS_EMBED_SWIFT_STANDARD_LIBRARIES = YES;
				BUNDLE_LOADER = "$(TEST_HOST)";
				CODE_SIGN_STYLE = Automatic;
				CURRENT_PROJECT_VERSION = 1;
				GENERATE_INFOPLIST_FILE = YES;
				IPHONEOS_DEPLOYMENT_TARGET = 16.2;
				MARKETING_VERSION = 1.0;
				PRODUCT_BUNDLE_IDENTIFIER = morais.FructusTests;
				PRODUCT_NAME = "$(TARGET_NAME)";
				SWIFT_EMIT_LOC_STRINGS = NO;
				SWIFT_VERSION = 5.0;
				TARGETED_DEVICE_FAMILY = "1,2";
				TEST_HOST = "$(BUILT_PRODUCTS_DIR)/Fructus.app/$(BUNDLE_EXECUTABLE_FOLDER_PATH)/Fructus";
			};
			name = Release;
		};
		3371C8642A623AAE004670C8 /* Debug */ = {
			isa = XCBuildConfiguration;
			buildSettings = {
				ALWAYS_EMBED_SWIFT_STANDARD_LIBRARIES = YES;
				CODE_SIGN_STYLE = Automatic;
				CURRENT_PROJECT_VERSION = 1;
				GENERATE_INFOPLIST_FILE = YES;
				MARKETING_VERSION = 1.0;
				PRODUCT_BUNDLE_IDENTIFIER = morais.FructusUITests;
				PRODUCT_NAME = "$(TARGET_NAME)";
				SWIFT_EMIT_LOC_STRINGS = NO;
				SWIFT_VERSION = 5.0;
				TARGETED_DEVICE_FAMILY = "1,2";
				TEST_TARGET_NAME = Fructus;
			};
			name = Debug;
		};
		3371C8652A623AAE004670C8 /* Release */ = {
			isa = XCBuildConfiguration;
			buildSettings = {
				ALWAYS_EMBED_SWIFT_STANDARD_LIBRARIES = YES;
				CODE_SIGN_STYLE = Automatic;
				CURRENT_PROJECT_VERSION = 1;
				GENERATE_INFOPLIST_FILE = YES;
				MARKETING_VERSION = 1.0;
				PRODUCT_BUNDLE_IDENTIFIER = morais.FructusUITests;
				PRODUCT_NAME = "$(TARGET_NAME)";
				SWIFT_EMIT_LOC_STRINGS = NO;
				SWIFT_VERSION = 5.0;
				TARGETED_DEVICE_FAMILY = "1,2";
				TEST_TARGET_NAME = Fructus;
			};
			name = Release;
		};
/* End XCBuildConfiguration section */

/* Begin XCConfigurationList section */
		3371C8342A623AAD004670C8 /* Build configuration list for PBXProject "Fructus" */ = {
			isa = XCConfigurationList;
			buildConfigurations = (
				3371C85B2A623AAE004670C8 /* Debug */,
				3371C85C2A623AAE004670C8 /* Release */,
			);
			defaultConfigurationIsVisible = 0;
			defaultConfigurationName = Release;
		};
		3371C85D2A623AAE004670C8 /* Build configuration list for PBXNativeTarget "Fructus" */ = {
			isa = XCConfigurationList;
			buildConfigurations = (
				3371C85E2A623AAE004670C8 /* Debug */,
				3371C85F2A623AAE004670C8 /* Release */,
			);
			defaultConfigurationIsVisible = 0;
			defaultConfigurationName = Release;
		};
		3371C8602A623AAE004670C8 /* Build configuration list for PBXNativeTarget "FructusTests" */ = {
			isa = XCConfigurationList;
			buildConfigurations = (
				3371C8612A623AAE004670C8 /* Debug */,
				3371C8622A623AAE004670C8 /* Release */,
			);
			defaultConfigurationIsVisible = 0;
			defaultConfigurationName = Release;
		};
		3371C8632A623AAE004670C8 /* Build configuration list for PBXNativeTarget "FructusUITests" */ = {
			isa = XCConfigurationList;
			buildConfigurations = (
				3371C8642A623AAE004670C8 /* Debug */,
				3371C8652A623AAE004670C8 /* Release */,
			);
			defaultConfigurationIsVisible = 0;
			defaultConfigurationName = Release;
		};
/* End XCConfigurationList section */
	};
	rootObject = 3371C8312A623AAD004670C8 /* Project object */;
}
